# This file is automatically @generated by Cargo.
# It is not intended for manual editing.
version = 4

[[package]]
name = "aws-lambda-powertools"
version = "0.1.0"
dependencies = [
 "aws-lambda-powertools-batch",
 "aws-lambda-powertools-core",
 "aws-lambda-powertools-event-handler",
 "aws-lambda-powertools-idempotency",
 "aws-lambda-powertools-logger",
 "aws-lambda-powertools-metrics",
 "aws-lambda-powertools-parameters",
 "aws-lambda-powertools-parser",
 "aws-lambda-powertools-tracer",
 "aws-lambda-powertools-validation",
]

[[package]]
name = "aws-lambda-powertools-batch"
version = "0.1.0"
dependencies = [
 "aws-lambda-powertools-core",
]

[[package]]
name = "aws-lambda-powertools-core"
version = "0.1.0"

[[package]]
name = "aws-lambda-powertools-event-handler"
version = "0.1.0"
dependencies = [
 "aws-lambda-powertools-core",
]

[[package]]
name = "aws-lambda-powertools-idempotency"
version = "0.1.0"
dependencies = [
 "aws-lambda-powertools-core",
]

[[package]]
name = "aws-lambda-powertools-logger"
version = "0.1.0"
dependencies = [
 "aws-lambda-powertools-core",
]

[[package]]
name = "aws-lambda-powertools-metrics"
version = "0.1.0"
dependencies = [
 "aws-lambda-powertools-core",
]

[[package]]
name = "aws-lambda-powertools-parameters"
version = "0.1.0"
dependencies = [
 "aws-lambda-powertools-core",
]

[[package]]
name = "aws-lambda-powertools-parser"
version = "0.1.0"
dependencies = [
 "aws-lambda-powertools-core",
]

[[package]]
name = "aws-lambda-powertools-testing"
version = "0.1.0"

[[package]]
name = "aws-lambda-powertools-tracer"
version = "0.1.0"
dependencies = [
 "aws-lambda-powertools-core",
]

[[package]]
name = "aws-lambda-powertools-validation"
version = "0.1.0"
dependencies = [
 "aws-lambda-powertools-core",
]

[[package]]
name = "basic-lambda"
version = "0.1.0"
dependencies = [
 "aws-lambda-powertools",
]
